
Microsoft Visual Studio Solution File, Format Version 12.00
# Visual Studio 15
VisualStudioVersion = 15.0.27703.2026
MinimumVisualStudioVersion = 10.0.40219.1
Project("{FAE04EC0-301F-11D3-BF4B-00C04F79EFBC}") = "Lab5", "Lab5\Lab5.csproj", "{637782A1-A9A1-4358-834D-B8EE089AA2AF}"
EndProject
Global
	GlobalSection(SolutionConfigurationPlatforms) = preSolution
		Debug|Any CPU = Debug|Any CPU
		Release|Any CPU = Release|Any CPU
	EndGlobalSection
	GlobalSection(ProjectConfigurationPlatforms) = postSolution
		{637782A1-A9A1-4358-834D-B8EE089AA2AF}.Debug|Any CPU.ActiveCfg = Debug|Any CPU
		{637782A1-A9A1-4358-834D-B8EE089AA2AF}.Debug|Any CPU.Build.0 = Debug|Any CPU
		{637782A1-A9A1-4358-834D-B8EE089AA2AF}.Release|Any CPU.ActiveCfg = Release|Any CPU
		{637782A1-A9A1-4358-834D-B8EE089AA2AF}.Release|Any CPU.Build.0 = Release|Any CPU
	EndGlobalSection
	GlobalSection(SolutionProperties) = preSolution
		HideSolutionNode = FALSE
	EndGlobalSection
	GlobalSection(ExtensibilityGlobals) = postSolution
		SolutionGuid = {7ECEE3E3-E81E-483E-80F4-52CD72284656}
	EndGlobalSection
EndGlobal
