
Microsoft Visual Studio Solution File, Format Version 12.00
# Visual Studio 15
VisualStudioVersion = 15.0.27703.2026
MinimumVisualStudioVersion = 10.0.40219.1
Project("{FAE04EC0-301F-11D3-BF4B-00C04F79EFBC}") = "MidTerm", "MidTerm\MidTerm.csproj", "{7267B125-085E-4B9D-8AF2-E44588E32DE2}"
EndProject
Global
	GlobalSection(SolutionConfigurationPlatforms) = preSolution
		Debug|Any CPU = Debug|Any CPU
		Release|Any CPU = Release|Any CPU
	EndGlobalSection
	GlobalSection(ProjectConfigurationPlatforms) = postSolution
		{7267B125-085E-4B9D-8AF2-E44588E32DE2}.Debug|Any CPU.ActiveCfg = Debug|Any CPU
		{7267B125-085E-4B9D-8AF2-E44588E32DE2}.Debug|Any CPU.Build.0 = Debug|Any CPU
		{7267B125-085E-4B9D-8AF2-E44588E32DE2}.Release|Any CPU.ActiveCfg = Release|Any CPU
		{7267B125-085E-4B9D-8AF2-E44588E32DE2}.Release|Any CPU.Build.0 = Release|Any CPU
	EndGlobalSection
	GlobalSection(SolutionProperties) = preSolution
		HideSolutionNode = FALSE
	EndGlobalSection
	GlobalSection(ExtensibilityGlobals) = postSolution
		SolutionGuid = {EB3E6473-6A0F-4610-80CB-78F921E696AD}
	EndGlobalSection
EndGlobal
